
Microsoft Visual Studio Solution File, Format Version 12.00
# Visual Studio 2012
Project("{FAE04EC0-301F-11D3-BF4B-00C04F79EFBC}") = "MvcReserva", "MvcReserva\MvcReserva.csproj", "{437CEB2F-65D9-40BA-B0A4-C0407DFEBE4E}"
EndProject
Project("{FAE04EC0-301F-11D3-BF4B-00C04F79EFBC}") = "ClassReserva", "ClassReserva\ClassReserva.csproj", "{91B9F76D-E3FA-4F8E-948E-2933390084EC}"
EndProject
Global
	GlobalSection(SolutionConfigurationPlatforms) = preSolution
		Debug|Any CPU = Debug|Any CPU
		Release|Any CPU = Release|Any CPU
	EndGlobalSection
	GlobalSection(ProjectConfigurationPlatforms) = postSolution
		{437CEB2F-65D9-40BA-B0A4-C0407DFEBE4E}.Debug|Any CPU.ActiveCfg = Debug|Any CPU
		{437CEB2F-65D9-40BA-B0A4-C0407DFEBE4E}.Debug|Any CPU.Build.0 = Debug|Any CPU
		{437CEB2F-65D9-40BA-B0A4-C0407DFEBE4E}.Release|Any CPU.ActiveCfg = Release|Any CPU
		{437CEB2F-65D9-40BA-B0A4-C0407DFEBE4E}.Release|Any CPU.Build.0 = Release|Any CPU
		{91B9F76D-E3FA-4F8E-948E-2933390084EC}.Debug|Any CPU.ActiveCfg = Debug|Any CPU
		{91B9F76D-E3FA-4F8E-948E-2933390084EC}.Debug|Any CPU.Build.0 = Debug|Any CPU
		{91B9F76D-E3FA-4F8E-948E-2933390084EC}.Release|Any CPU.ActiveCfg = Release|Any CPU
		{91B9F76D-E3FA-4F8E-948E-2933390084EC}.Release|Any CPU.Build.0 = Release|Any CPU
	EndGlobalSection
	GlobalSection(SolutionProperties) = preSolution
		HideSolutionNode = FALSE
	EndGlobalSection
EndGlobal
